
Microsoft Visual Studio Solution File, Format Version 12.00
# Visual Studio Version 17
VisualStudioVersion = 17.6.33815.320
MinimumVisualStudioVersion = 10.0.40219.1
Project("{FAE04EC0-301F-11D3-BF4B-00C04F79EFBC}") = "DotNet_Core_E_Commerce", "DotNet_Core_E_Commerce\DotNet_Core_E_Commerce.csproj", "{4DF55CC8-17C1-46FE-BEEF-98BCC313D8EC}"
EndProject
Global
	GlobalSection(SolutionConfigurationPlatforms) = preSolution
		Debug|Any CPU = Debug|Any CPU
		Release|Any CPU = Release|Any CPU
	EndGlobalSection
	GlobalSection(ProjectConfigurationPlatforms) = postSolution
		{4DF55CC8-17C1-46FE-BEEF-98BCC313D8EC}.Debug|Any CPU.ActiveCfg = Debug|Any CPU
		{4DF55CC8-17C1-46FE-BEEF-98BCC313D8EC}.Debug|Any CPU.Build.0 = Debug|Any CPU
		{4DF55CC8-17C1-46FE-BEEF-98BCC313D8EC}.Release|Any CPU.ActiveCfg = Release|Any CPU
		{4DF55CC8-17C1-46FE-BEEF-98BCC313D8EC}.Release|Any CPU.Build.0 = Release|Any CPU
	EndGlobalSection
	GlobalSection(SolutionProperties) = preSolution
		HideSolutionNode = FALSE
	EndGlobalSection
	GlobalSection(ExtensibilityGlobals) = postSolution
		SolutionGuid = {CE41105C-04AD-48D1-BB97-EA7C8B596AEC}
	EndGlobalSection
EndGlobal
